// !$*UTF8*$!
{
	archiveVersion = 1;
	classes = {
	};
	objectVersion = 55;
	objects = {

/* Begin PBXBuildFile section */
		2B5F543D514F96F96711F1F9 /* Pods_Flix.framework in Frameworks */ = {isa = PBXBuildFile; fileRef = 9C2E293CF21812284ABD4CA7 /* Pods_Flix.framework */; };
		36DA169BD9663949E31439AC /* Pods_FlixTests.framework in Frameworks */ = {isa = PBXBuildFile; fileRef = 4952B55A58BEC58381174B5C /* Pods_FlixTests.framework */; };
		748C6A432631391C91D3F9C1 /* Pods_Flix_FlixUITests.framework in Frameworks */ = {isa = PBXBuildFile; fileRef = 45E22F94D242CF1D9281F33B /* Pods_Flix_FlixUITests.framework */; };
		B0D7864327C4185800F72848 /* AppDelegate.swift in Sources */ = {isa = PBXBuildFile; fileRef = B0D7864227C4185800F72848 /* AppDelegate.swift */; };
		B0D7864527C4185800F72848 /* SceneDelegate.swift in Sources */ = {isa = PBXBuildFile; fileRef = B0D7864427C4185800F72848 /* SceneDelegate.swift */; };
		B0D7864727C4185800F72848 /* MovieViewController.swift in Sources */ = {isa = PBXBuildFile; fileRef = B0D7864627C4185800F72848 /* MovieViewController.swift */; };
		B0D7864A27C4185800F72848 /* Main.storyboard in Resources */ = {isa = PBXBuildFile; fileRef = B0D7864827C4185800F72848 /* Main.storyboard */; };
		B0D7864C27C4185800F72848 /* Assets.xcassets in Resources */ = {isa = PBXBuildFile; fileRef = B0D7864B27C4185800F72848 /* Assets.xcassets */; };
		B0D7864F27C4185800F72848 /* LaunchScreen.storyboard in Resources */ = {isa = PBXBuildFile; fileRef = B0D7864D27C4185800F72848 /* LaunchScreen.storyboard */; };
		B0D7865A27C4185800F72848 /* FlixTests.swift in Sources */ = {isa = PBXBuildFile; fileRef = B0D7865927C4185800F72848 /* FlixTests.swift */; };
		B0D7866427C4185800F72848 /* FlixUITests.swift in Sources */ = {isa = PBXBuildFile; fileRef = B0D7866327C4185800F72848 /* FlixUITests.swift */; };
		B0D7866627C4185800F72848 /* FlixUITestsLaunchTests.swift in Sources */ = {isa = PBXBuildFile; fileRef = B0D7866527C4185800F72848 /* FlixUITestsLaunchTests.swift */; };
		B0D7867527C4292500F72848 /* MovieCell.swift in Sources */ = {isa = PBXBuildFile; fileRef = B0D7867427C4292500F72848 /* MovieCell.swift */; };
		B0D7867827C4383000F72848 /* AlamofireImage in Frameworks */ = {isa = PBXBuildFile; productRef = B0D7867727C4383000F72848 /* AlamofireImage */; };
/* End PBXBuildFile section */

/* Begin PBXContainerItemProxy section */
		B0D7865627C4185800F72848 /* PBXContainerItemProxy */ = {
			isa = PBXContainerItemProxy;
			containerPortal = B0D7863727C4185800F72848 /* Project object */;
			proxyType = 1;
			remoteGlobalIDString = B0D7863E27C4185800F72848;
			remoteInfo = Flix;
		};
		B0D7866027C4185800F72848 /* PBXContainerItemProxy */ = {
			isa = PBXContainerItemProxy;
			containerPortal = B0D7863727C4185800F72848 /* Project object */;
			proxyType = 1;
			remoteGlobalIDString = B0D7863E27C4185800F72848;
			remoteInfo = Flix;
		};
/* End PBXContainerItemProxy section */

/* Begin PBXFileReference section */
		2363B1D2662ADB457EA683F3 /* Pods-Flix.debug.xcconfig */ = {isa = PBXFileReference; includeInIndex = 1; lastKnownFileType = text.xcconfig; name = "Pods-Flix.debug.xcconfig"; path = "Target Support Files/Pods-Flix/Pods-Flix.debug.xcconfig"; sourceTree = "<group>"; };
		45E22F94D242CF1D9281F33B /* Pods_Flix_FlixUITests.framework */ = {isa = PBXFileReference; explicitFileType = wrapper.framework; includeInIndex = 0; path = Pods_Flix_FlixUITests.framework; sourceTree = BUILT_PRODUCTS_DIR; };
		47E9FF870B11BF47CFBC4BB4 /* Pods-Flix-FlixUITests.debug.xcconfig */ = {isa = PBXFileReference; includeInIndex = 1; lastKnownFileType = text.xcconfig; name = "Pods-Flix-FlixUITests.debug.xcconfig"; path = "Target Support Files/Pods-Flix-FlixUITests/Pods-Flix-FlixUITests.debug.xcconfig"; sourceTree = "<group>"; };
		4952B55A58BEC58381174B5C /* Pods_FlixTests.framework */ = {isa = PBXFileReference; explicitFileType = wrapper.framework; includeInIndex = 0; path = Pods_FlixTests.framework; sourceTree = BUILT_PRODUCTS_DIR; };
		9C2E293CF21812284ABD4CA7 /* Pods_Flix.framework */ = {isa = PBXFileReference; explicitFileType = wrapper.framework; includeInIndex = 0; path = Pods_Flix.framework; sourceTree = BUILT_PRODUCTS_DIR; };
		B0D7863F27C4185800F72848 /* Flix.app */ = {isa = PBXFileReference; explicitFileType = wrapper.application; includeInIndex = 0; path = Flix.app; sourceTree = BUILT_PRODUCTS_DIR; };
		B0D7864227C4185800F72848 /* AppDelegate.swift */ = {isa = PBXFileReference; lastKnownFileType = sourcecode.swift; path = AppDelegate.swift; sourceTree = "<group>"; };
		B0D7864427C4185800F72848 /* SceneDelegate.swift */ = {isa = PBXFileReference; lastKnownFileType = sourcecode.swift; path = SceneDelegate.swift; sourceTree = "<group>"; };
		B0D7864627C4185800F72848 /* MovieViewController.swift */ = {isa = PBXFileReference; lastKnownFileType = sourcecode.swift; path = MovieViewController.swift; sourceTree = "<group>"; };
		B0D7864927C4185800F72848 /* Base */ = {isa = PBXFileReference; lastKnownFileType = file.storyboard; name = Base; path = Base.lproj/Main.storyboard; sourceTree = "<group>"; };
		B0D7864B27C4185800F72848 /* Assets.xcassets */ = {isa = PBXFileReference; lastKnownFileType = folder.assetcatalog; path = Assets.xcassets; sourceTree = "<group>"; };
		B0D7864E27C4185800F72848 /* Base */ = {isa = PBXFileReference; lastKnownFileType = file.storyboard; name = Base; path = Base.lproj/LaunchScreen.storyboard; sourceTree = "<group>"; };
		B0D7865027C4185800F72848 /* Info.plist */ = {isa = PBXFileReference; lastKnownFileType = text.plist.xml; path = Info.plist; sourceTree = "<group>"; };
		B0D7865527C4185800F72848 /* FlixTests.xctest */ = {isa = PBXFileReference; explicitFileType = wrapper.cfbundle; includeInIndex = 0; path = FlixTests.xctest; sourceTree = BUILT_PRODUCTS_DIR; };
		B0D7865927C4185800F72848 /* FlixTests.swift */ = {isa = PBXFileReference; lastKnownFileType = sourcecode.swift; path = FlixTests.swift; sourceTree = "<group>"; };
		B0D7865F27C4185800F72848 /* FlixUITests.xctest */ = {isa = PBXFileReference; explicitFileType = wrapper.cfbundle; includeInIndex = 0; path = FlixUITests.xctest; sourceTree = BUILT_PRODUCTS_DIR; };
		B0D7866327C4185800F72848 /* FlixUITests.swift */ = {isa = PBXFileReference; lastKnownFileType = sourcecode.swift; path = FlixUITests.swift; sourceTree = "<group>"; };
		B0D7866527C4185800F72848 /* FlixUITestsLaunchTests.swift */ = {isa = PBXFileReference; lastKnownFileType = sourcecode.swift; path = FlixUITestsLaunchTests.swift; sourceTree = "<group>"; };
		B0D7867427C4292500F72848 /* MovieCell.swift */ = {isa = PBXFileReference; lastKnownFileType = sourcecode.swift; path = MovieCell.swift; sourceTree = "<group>"; };
		B77AD4C06D703A912C604F34 /* Pods-FlixTests.debug.xcconfig */ = {isa = PBXFileReference; includeInIndex = 1; lastKnownFileType = text.xcconfig; name = "Pods-FlixTests.debug.xcconfig"; path = "Target Support Files/Pods-FlixTests/Pods-FlixTests.debug.xcconfig"; sourceTree = "<group>"; };
		BDAC1DAC0DBD631AECA65C36 /* Pods-Flix-FlixUITests.release.xcconfig */ = {isa = PBXFileReference; includeInIndex = 1; lastKnownFileType = text.xcconfig; name = "Pods-Flix-FlixUITests.release.xcconfig"; path = "Target Support Files/Pods-Flix-FlixUITests/Pods-Flix-FlixUITests.release.xcconfig"; sourceTree = "<group>"; };
		D6BFE4B42EF1D1A3FF2F018C /* Pods-FlixTests.release.xcconfig */ = {isa = PBXFileReference; includeInIndex = 1; lastKnownFileType = text.xcconfig; name = "Pods-FlixTests.release.xcconfig"; path = "Target Support Files/Pods-FlixTests/Pods-FlixTests.release.xcconfig"; sourceTree = "<group>"; };
		FAA9340FCE9B7BB8AB567F67 /* Pods-Flix.release.xcconfig */ = {isa = PBXFileReference; includeInIndex = 1; lastKnownFileType = text.xcconfig; name = "Pods-Flix.release.xcconfig"; path = "Target Support Files/Pods-Flix/Pods-Flix.release.xcconfig"; sourceTree = "<group>"; };
/* End PBXFileReference section */

/* Begin PBXFrameworksBuildPhase section */
		B0D7863C27C4185800F72848 /* Frameworks */ = {
			isa = PBXFrameworksBuildPhase;
			buildActionMask = 2147483647;
			files = (
				B0D7867827C4383000F72848 /* AlamofireImage in Frameworks */,
				2B5F543D514F96F96711F1F9 /* Pods_Flix.framework in Frameworks */,
			);
			runOnlyForDeploymentPostprocessing = 0;
		};
		B0D7865227C4185800F72848 /* Frameworks */ = {
			isa = PBXFrameworksBuildPhase;
			buildActionMask = 2147483647;
			files = (
				36DA169BD9663949E31439AC /* Pods_FlixTests.framework in Frameworks */,
			);
			runOnlyForDeploymentPostprocessing = 0;
		};
		B0D7865C27C4185800F72848 /* Frameworks */ = {
			isa = PBXFrameworksBuildPhase;
			buildActionMask = 2147483647;
			files = (
				748C6A432631391C91D3F9C1 /* Pods_Flix_FlixUITests.framework in Frameworks */,
			);
			runOnlyForDeploymentPostprocessing = 0;
		};
/* End PBXFrameworksBuildPhase section */

/* Begin PBXGroup section */
		8C4E4DC50F08395F6CEED21D /* Frameworks */ = {
			isa = PBXGroup;
			children = (
				9C2E293CF21812284ABD4CA7 /* Pods_Flix.framework */,
				45E22F94D242CF1D9281F33B /* Pods_Flix_FlixUITests.framework */,
				4952B55A58BEC58381174B5C /* Pods_FlixTests.framework */,
			);
			name = Frameworks;
			sourceTree = "<group>";
		};
		B0D7863627C4185800F72848 = {
			isa = PBXGroup;
			children = (
				B0D7864127C4185800F72848 /* Flix */,
				B0D7865827C4185800F72848 /* FlixTests */,
				B0D7866227C4185800F72848 /* FlixUITests */,
				B0D7864027C4185800F72848 /* Products */,
				FBD435FCF56C833358D70143 /* Pods */,
				8C4E4DC50F08395F6CEED21D /* Frameworks */,
			);
			sourceTree = "<group>";
		};
		B0D7864027C4185800F72848 /* Products */ = {
			isa = PBXGroup;
			children = (
				B0D7863F27C4185800F72848 /* Flix.app */,
				B0D7865527C4185800F72848 /* FlixTests.xctest */,
				B0D7865F27C4185800F72848 /* FlixUITests.xctest */,
			);
			name = Products;
			sourceTree = "<group>";
		};
		B0D7864127C4185800F72848 /* Flix */ = {
			isa = PBXGroup;
			children = (
				B0D7864227C4185800F72848 /* AppDelegate.swift */,
				B0D7864427C4185800F72848 /* SceneDelegate.swift */,
				B0D7864627C4185800F72848 /* MovieViewController.swift */,
				B0D7864827C4185800F72848 /* Main.storyboard */,
				B0D7864B27C4185800F72848 /* Assets.xcassets */,
				B0D7864D27C4185800F72848 /* LaunchScreen.storyboard */,
				B0D7865027C4185800F72848 /* Info.plist */,
				B0D7867427C4292500F72848 /* MovieCell.swift */,
			);
			path = Flix;
			sourceTree = "<group>";
		};
		B0D7865827C4185800F72848 /* FlixTests */ = {
			isa = PBXGroup;
			children = (
				B0D7865927C4185800F72848 /* FlixTests.swift */,
			);
			path = FlixTests;
			sourceTree = "<group>";
		};
		B0D7866227C4185800F72848 /* FlixUITests */ = {
			isa = PBXGroup;
			children = (
				B0D7866327C4185800F72848 /* FlixUITests.swift */,
				B0D7866527C4185800F72848 /* FlixUITestsLaunchTests.swift */,
			);
			path = FlixUITests;
			sourceTree = "<group>";
		};
		FBD435FCF56C833358D70143 /* Pods */ = {
			isa = PBXGroup;
			children = (
				2363B1D2662ADB457EA683F3 /* Pods-Flix.debug.xcconfig */,
				FAA9340FCE9B7BB8AB567F67 /* Pods-Flix.release.xcconfig */,
				47E9FF870B11BF47CFBC4BB4 /* Pods-Flix-FlixUITests.debug.xcconfig */,
				BDAC1DAC0DBD631AECA65C36 /* Pods-Flix-FlixUITests.release.xcconfig */,
				B77AD4C06D703A912C604F34 /* Pods-FlixTests.debug.xcconfig */,
				D6BFE4B42EF1D1A3FF2F018C /* Pods-FlixTests.release.xcconfig */,
			);
			name = Pods;
			path = Pods;
			sourceTree = "<group>";
		};
/* End PBXGroup section */

/* Begin PBXNativeTarget section */
		B0D7863E27C4185800F72848 /* Flix */ = {
			isa = PBXNativeTarget;
			buildConfigurationList = B0D7866927C4185800F72848 /* Build configuration list for PBXNativeTarget "Flix" */;
			buildPhases = (
				17ABD36D57163FAAA2244FCE /* [CP] Check Pods Manifest.lock */,
				B0D7863B27C4185800F72848 /* Sources */,
				B0D7863C27C4185800F72848 /* Frameworks */,
				B0D7863D27C4185800F72848 /* Resources */,
				4A5FE31BBC45A38FB6A1B5FC /* [CP] Embed Pods Frameworks */,
			);
			buildRules = (
			);
			dependencies = (
			);
			name = Flix;
			packageProductDependencies = (
				B0D7867727C4383000F72848 /* AlamofireImage */,
			);
			productName = Flix;
			productReference = B0D7863F27C4185800F72848 /* Flix.app */;
			productType = "com.apple.product-type.application";
		};
		B0D7865427C4185800F72848 /* FlixTests */ = {
			isa = PBXNativeTarget;
			buildConfigurationList = B0D7866C27C4185800F72848 /* Build configuration list for PBXNativeTarget "FlixTests" */;
			buildPhases = (
				AB0873FBB45292FD8144CE69 /* [CP] Check Pods Manifest.lock */,
				B0D7865127C4185800F72848 /* Sources */,
				B0D7865227C4185800F72848 /* Frameworks */,
				B0D7865327C4185800F72848 /* Resources */,
			);
			buildRules = (
			);
			dependencies = (
				B0D7865727C4185800F72848 /* PBXTargetDependency */,
			);
			name = FlixTests;
			productName = FlixTests;
			productReference = B0D7865527C4185800F72848 /* FlixTests.xctest */;
			productType = "com.apple.product-type.bundle.unit-test";
		};
		B0D7865E27C4185800F72848 /* FlixUITests */ = {
			isa = PBXNativeTarget;
			buildConfigurationList = B0D7866F27C4185800F72848 /* Build configuration list for PBXNativeTarget "FlixUITests" */;
			buildPhases = (
				7D9237CDA3F04A70A2050EA6 /* [CP] Check Pods Manifest.lock */,
				B0D7865B27C4185800F72848 /* Sources */,
				B0D7865C27C4185800F72848 /* Frameworks */,
				B0D7865D27C4185800F72848 /* Resources */,
				CEF15E3E41D5B51B5E477739 /* [CP] Embed Pods Frameworks */,
			);
			buildRules = (
			);
			dependencies = (
				B0D7866127C4185800F72848 /* PBXTargetDependency */,
			);
			name = FlixUITests;
			productName = FlixUITests;
			productReference = B0D7865F27C4185800F72848 /* FlixUITests.xctest */;
			productType = "com.apple.product-type.bundle.ui-testing";
		};
/* End PBXNativeTarget section */

/* Begin PBXProject section */
		B0D7863727C4185800F72848 /* Project object */ = {
			isa = PBXProject;
			attributes = {
				BuildIndependentTargetsInParallel = 1;
				LastSwiftUpdateCheck = 1320;
				LastUpgradeCheck = 1320;
				TargetAttributes = {
					B0D7863E27C4185800F72848 = {
						CreatedOnToolsVersion = 13.2.1;
					};
					B0D7865427C4185800F72848 = {
						CreatedOnToolsVersion = 13.2.1;
						TestTargetID = B0D7863E27C4185800F72848;
					};
					B0D7865E27C4185800F72848 = {
						CreatedOnToolsVersion = 13.2.1;
						TestTargetID = B0D7863E27C4185800F72848;
					};
				};
			};
			buildConfigurationList = B0D7863A27C4185800F72848 /* Build configuration list for PBXProject "Flix" */;
			compatibilityVersion = "Xcode 13.0";
			developmentRegion = en;
			hasScannedForEncodings = 0;
			knownRegions = (
				en,
				Base,
			);
			mainGroup = B0D7863627C4185800F72848;
			packageReferences = (
				B0D7867627C4383000F72848 /* XCRemoteSwiftPackageReference "AlamofireImage" */,
			);
			productRefGroup = B0D7864027C4185800F72848 /* Products */;
			projectDirPath = "";
			projectRoot = "";
			targets = (
				B0D7863E27C4185800F72848 /* Flix */,
				B0D7865427C4185800F72848 /* FlixTests */,
				B0D7865E27C4185800F72848 /* FlixUITests */,
			);
		};
/* End PBXProject section */

/* Begin PBXResourcesBuildPhase section */
		B0D7863D27C4185800F72848 /* Resources */ = {
			isa = PBXResourcesBuildPhase;
			buildActionMask = 2147483647;
			files = (
				B0D7864F27C4185800F72848 /* LaunchScreen.storyboard in Resources */,
				B0D7864C27C4185800F72848 /* Assets.xcassets in Resources */,
				B0D7864A27C4185800F72848 /* Main.storyboard in Resources */,
			);
			runOnlyForDeploymentPostprocessing = 0;
		};
		B0D7865327C4185800F72848 /* Resources */ = {
			isa = PBXResourcesBuildPhase;
			buildActionMask = 2147483647;
			files = (
			);
			runOnlyForDeploymentPostprocessing = 0;
		};
		B0D7865D27C4185800F72848 /* Resources */ = {
			isa = PBXResourcesBuildPhase;
			buildActionMask = 2147483647;
			files = (
			);
			runOnlyForDeploymentPostprocessing = 0;
		};
/* End PBXResourcesBuildPhase section */

/* Begin PBXShellScriptBuildPhase section */
		17ABD36D57163FAAA2244FCE /* [CP] Check Pods Manifest.lock */ = {
			isa = PBXShellScriptBuildPhase;
			buildActionMask = 2147483647;
			files = (
			);
			inputFileListPaths = (
			);
			inputPaths = (
				"${PODS_PODFILE_DIR_PATH}/Podfile.lock",
				"${PODS_ROOT}/Manifest.lock",
			);
			name = "[CP] Check Pods Manifest.lock";
			outputFileListPaths = (
			);
			outputPaths = (
				"$(DERIVED_FILE_DIR)/Pods-Flix-checkManifestLockResult.txt",
			);
			runOnlyForDeploymentPostprocessing = 0;
			shellPath = /bin/sh;
			shellScript = "diff \"${PODS_PODFILE_DIR_PATH}/Podfile.lock\" \"${PODS_ROOT}/Manifest.lock\" > /dev/null\nif [ $? != 0 ] ; then\n    # print error to STDERR\n    echo \"error: The sandbox is not in sync with the Podfile.lock. Run 'pod install' or update your CocoaPods installation.\" >&2\n    exit 1\nfi\n# This output is used by Xcode 'outputs' to avoid re-running this script phase.\necho \"SUCCESS\" > \"${SCRIPT_OUTPUT_FILE_0}\"\n";
			showEnvVarsInLog = 0;
		};
		4A5FE31BBC45A38FB6A1B5FC /* [CP] Embed Pods Frameworks */ = {
			isa = PBXShellScriptBuildPhase;
			buildActionMask = 2147483647;
			files = (
			);
			inputFileListPaths = (
				"${PODS_ROOT}/Target Support Files/Pods-Flix/Pods-Flix-frameworks-${CONFIGURATION}-input-files.xcfilelist",
			);
			name = "[CP] Embed Pods Frameworks";
			outputFileListPaths = (
				"${PODS_ROOT}/Target Support Files/Pods-Flix/Pods-Flix-frameworks-${CONFIGURATION}-output-files.xcfilelist",
			);
			runOnlyForDeploymentPostprocessing = 0;
			shellPath = /bin/sh;
			shellScript = "\"${PODS_ROOT}/Target Support Files/Pods-Flix/Pods-Flix-frameworks.sh\"\n";
			showEnvVarsInLog = 0;
		};
		7D9237CDA3F04A70A2050EA6 /* [CP] Check Pods Manifest.lock */ = {
			isa = PBXShellScriptBuildPhase;
			buildActionMask = 2147483647;
			files = (
			);
			inputFileListPaths = (
			);
			inputPaths = (
				"${PODS_PODFILE_DIR_PATH}/Podfile.lock",
				"${PODS_ROOT}/Manifest.lock",
			);
			name = "[CP] Check Pods Manifest.lock";
			outputFileListPaths = (
			);
			outputPaths = (
				"$(DERIVED_FILE_DIR)/Pods-Flix-FlixUITests-checkManifestLockResult.txt",
			);
			runOnlyForDeploymentPostprocessing = 0;
			shellPath = /bin/sh;
			shellScript = "diff \"${PODS_PODFILE_DIR_PATH}/Podfile.lock\" \"${PODS_ROOT}/Manifest.lock\" > /dev/null\nif [ $? != 0 ] ; then\n    # print error to STDERR\n    echo \"error: The sandbox is not in sync with the Podfile.lock. Run 'pod install' or update your CocoaPods installation.\" >&2\n    exit 1\nfi\n# This output is used by Xcode 'outputs' to avoid re-running this script phase.\necho \"SUCCESS\" > \"${SCRIPT_OUTPUT_FILE_0}\"\n";
			showEnvVarsInLog = 0;
		};
		AB0873FBB45292FD8144CE69 /* [CP] Check Pods Manifest.lock */ = {
			isa = PBXShellScriptBuildPhase;
			buildActionMask = 2147483647;
			files = (
			);
			inputFileListPaths = (
			);
			inputPaths = (
				"${PODS_PODFILE_DIR_PATH}/Podfile.lock",
				"${PODS_ROOT}/Manifest.lock",
			);
			name = "[CP] Check Pods Manifest.lock";
			outputFileListPaths = (
			);
			outputPaths = (
				"$(DERIVED_FILE_DIR)/Pods-FlixTests-checkManifestLockResult.txt",
			);
			runOnlyForDeploymentPostprocessing = 0;
			shellPath = /bin/sh;
			shellScript = "diff \"${PODS_PODFILE_DIR_PATH}/Podfile.lock\" \"${PODS_ROOT}/Manifest.lock\" > /dev/null\nif [ $? != 0 ] ; then\n    # print error to STDERR\n    echo \"error: The sandbox is not in sync with the Podfile.lock. Run 'pod install' or update your CocoaPods installation.\" >&2\n    exit 1\nfi\n# This output is used by Xcode 'outputs' to avoid re-running this script phase.\necho \"SUCCESS\" > \"${SCRIPT_OUTPUT_FILE_0}\"\n";
			showEnvVarsInLog = 0;
		};
		CEF15E3E41D5B51B5E477739 /* [CP] Embed Pods Frameworks */ = {
			isa = PBXShellScriptBuildPhase;
			buildActionMask = 2147483647;
			files = (
			);
			inputFileListPaths = (
				"${PODS_ROOT}/Target Support Files/Pods-Flix-FlixUITests/Pods-Flix-FlixUITests-frameworks-${CONFIGURATION}-input-files.xcfilelist",
			);
			name = "[CP] Embed Pods Frameworks";
			outputFileListPaths = (
				"${PODS_ROOT}/Target Support Files/Pods-Flix-FlixUITests/Pods-Flix-FlixUITests-frameworks-${CONFIGURATION}-output-files.xcfilelist",
			);
			runOnlyForDeploymentPostprocessing = 0;
			shellPath = /bin/sh;
			shellScript = "\"${PODS_ROOT}/Target Support Files/Pods-Flix-FlixUITests/Pods-Flix-FlixUITests-frameworks.sh\"\n";
			showEnvVarsInLog = 0;
		};
/* End PBXShellScriptBuildPhase section */

/* Begin PBXSourcesBuildPhase section */
		B0D7863B27C4185800F72848 /* Sources */ = {
			isa = PBXSourcesBuildPhase;
			buildActionMask = 2147483647;
			files = (
				B0D7864727C4185800F72848 /* MovieViewController.swift in Sources */,
				B0D7864327C4185800F72848 /* AppDelegate.swift in Sources */,
				B0D7867527C4292500F72848 /* MovieCell.swift in Sources */,
				B0D7864527C4185800F72848 /* SceneDelegate.swift in Sources */,
			);
			runOnlyForDeploymentPostprocessing = 0;
		};
		B0D7865127C4185800F72848 /* Sources */ = {
			isa = PBXSourcesBuildPhase;
			buildActionMask = 2147483647;
			files = (
				B0D7865A27C4185800F72848 /* FlixTests.swift in Sources */,
			);
			runOnlyForDeploymentPostprocessing = 0;
		};
		B0D7865B27C4185800F72848 /* Sources */ = {
			isa = PBXSourcesBuildPhase;
			buildActionMask = 2147483647;
			files = (
				B0D7866427C4185800F72848 /* FlixUITests.swift in Sources */,
				B0D7866627C4185800F72848 /* FlixUITestsLaunchTests.swift in Sources */,
			);
			runOnlyForDeploymentPostprocessing = 0;
		};
/* End PBXSourcesBuildPhase section */

/* Begin PBXTargetDependency section */
		B0D7865727C4185800F72848 /* PBXTargetDependency */ = {
			isa = PBXTargetDependency;
			target = B0D7863E27C4185800F72848 /* Flix */;
			targetProxy = B0D7865627C4185800F72848 /* PBXContainerItemProxy */;
		};
		B0D7866127C4185800F72848 /* PBXTargetDependency */ = {
			isa = PBXTargetDependency;
			target = B0D7863E27C4185800F72848 /* Flix */;
			targetProxy = B0D7866027C4185800F72848 /* PBXContainerItemProxy */;
		};
/* End PBXTargetDependency section */

/* Begin PBXVariantGroup section */
		B0D7864827C4185800F72848 /* Main.storyboard */ = {
			isa = PBXVariantGroup;
			children = (
				B0D7864927C4185800F72848 /* Base */,
			);
			name = Main.storyboard;
			sourceTree = "<group>";
		};
		B0D7864D27C4185800F72848 /* LaunchScreen.storyboard */ = {
			isa = PBXVariantGroup;
			children = (
				B0D7864E27C4185800F72848 /* Base */,
			);
			name = LaunchScreen.storyboard;
			sourceTree = "<group>";
		};
/* End PBXVariantGroup section */

/* Begin XCBuildConfiguration section */
		B0D7866727C4185800F72848 /* Debug */ = {
			isa = XCBuildConfiguration;
			buildSettings = {
				ALWAYS_SEARCH_USER_PATHS = NO;
				CLANG_ANALYZER_NONNULL = YES;
				CLANG_ANALYZER_NUMBER_OBJECT_CONVERSION = YES_AGGRESSIVE;
				CLANG_CXX_LANGUAGE_STANDARD = "gnu++17";
				CLANG_CXX_LIBRARY = "libc++";
				CLANG_ENABLE_MODULES = YES;
				CLANG_ENABLE_OBJC_ARC = YES;
				CLANG_ENABLE_OBJC_WEAK = YES;
				CLANG_WARN_BLOCK_CAPTURE_AUTORELEASING = YES;
				CLANG_WARN_BOOL_CONVERSION = YES;
				CLANG_WARN_COMMA = YES;
				CLANG_WARN_CONSTANT_CONVERSION = YES;
				CLANG_WARN_DEPRECATED_OBJC_IMPLEMENTATIONS = YES;
				CLANG_WARN_DIRECT_OBJC_ISA_USAGE = YES_ERROR;
				CLANG_WARN_DOCUMENTATION_COMMENTS = YES;
				CLANG_WARN_EMPTY_BODY = YES;
				CLANG_WARN_ENUM_CONVERSION = YES;
				CLANG_WARN_INFINITE_RECURSION = YES;
				CLANG_WARN_INT_CONVERSION = YES;
				CLANG_WARN_NON_LITERAL_NULL_CONVERSION = YES;
				CLANG_WARN_OBJC_IMPLICIT_RETAIN_SELF = YES;
				CLANG_WARN_OBJC_LITERAL_CONVERSION = YES;
				CLANG_WARN_OBJC_ROOT_CLASS = YES_ERROR;
				CLANG_WARN_QUOTED_INCLUDE_IN_FRAMEWORK_HEADER = YES;
				CLANG_WARN_RANGE_LOOP_ANALYSIS = YES;
				CLANG_WARN_STRICT_PROTOTYPES = YES;
				CLANG_WARN_SUSPICIOUS_MOVE = YES;
				CLANG_WARN_UNGUARDED_AVAILABILITY = YES_AGGRESSIVE;
				CLANG_WARN_UNREACHABLE_CODE = YES;
				CLANG_WARN__DUPLICATE_METHOD_MATCH = YES;
				COPY_PHASE_STRIP = NO;
				DEBUG_INFORMATION_FORMAT = dwarf;
				ENABLE_STRICT_OBJC_MSGSEND = YES;
				ENABLE_TESTABILITY = YES;
				GCC_C_LANGUAGE_STANDARD = gnu11;
				GCC_DYNAMIC_NO_PIC = NO;
				GCC_NO_COMMON_BLOCKS = YES;
				GCC_OPTIMIZATION_LEVEL = 0;
				GCC_PREPROCESSOR_DEFINITIONS = (
					"DEBUG=1",
					"$(inherited)",
				);
				GCC_WARN_64_TO_32_BIT_CONVERSION = YES;
				GCC_WARN_ABOUT_RETURN_TYPE = YES_ERROR;
				GCC_WARN_UNDECLARED_SELECTOR = YES;
				GCC_WARN_UNINITIALIZED_AUTOS = YES_AGGRESSIVE;
				GCC_WARN_UNUSED_FUNCTION = YES;
				GCC_WARN_UNUSED_VARIABLE = YES;
				IPHONEOS_DEPLOYMENT_TARGET = 15.2;
				MTL_ENABLE_DEBUG_INFO = INCLUDE_SOURCE;
				MTL_FAST_MATH = YES;
				ONLY_ACTIVE_ARCH = YES;
				SDKROOT = iphoneos;
				SWIFT_ACTIVE_COMPILATION_CONDITIONS = DEBUG;
				SWIFT_OPTIMIZATION_LEVEL = "-Onone";
			};
			name = Debug;
		};
		B0D7866827C4185800F72848 /* Release */ = {
			isa = XCBuildConfiguration;
			buildSettings = {
				ALWAYS_SEARCH_USER_PATHS = NO;
				CLANG_ANALYZER_NONNULL = YES;
				CLANG_ANALYZER_NUMBER_OBJECT_CONVERSION = YES_AGGRESSIVE;
				CLANG_CXX_LANGUAGE_STANDARD = "gnu++17";
				CLANG_CXX_LIBRARY = "libc++";
				CLANG_ENABLE_MODULES = YES;
				CLANG_ENABLE_OBJC_ARC = YES;
				CLANG_ENABLE_OBJC_WEAK = YES;
				CLANG_WARN_BLOCK_CAPTURE_AUTORELEASING = YES;
				CLANG_WARN_BOOL_CONVERSION = YES;
				CLANG_WARN_COMMA = YES;
				CLANG_WARN_CONSTANT_CONVERSION = YES;
				CLANG_WARN_DEPRECATED_OBJC_IMPLEMENTATIONS = YES;
				CLANG_WARN_DIRECT_OBJC_ISA_USAGE = YES_ERROR;
				CLANG_WARN_DOCUMENTATION_COMMENTS = YES;
				CLANG_WARN_EMPTY_BODY = YES;
				CLANG_WARN_ENUM_CONVERSION = YES;
				CLANG_WARN_INFINITE_RECURSION = YES;
				CLANG_WARN_INT_CONVERSION = YES;
				CLANG_WARN_NON_LITERAL_NULL_CONVERSION = YES;
				CLANG_WARN_OBJC_IMPLICIT_RETAIN_SELF = YES;
				CLANG_WARN_OBJC_LITERAL_CONVERSION = YES;
				CLANG_WARN_OBJC_ROOT_CLASS = YES_ERROR;
				CLANG_WARN_QUOTED_INCLUDE_IN_FRAMEWORK_HEADER = YES;
				CLANG_WARN_RANGE_LOOP_ANALYSIS = YES;
				CLANG_WARN_STRICT_PROTOTYPES = YES;
				CLANG_WARN_SUSPICIOUS_MOVE = YES;
				CLANG_WARN_UNGUARDED_AVAILABILITY = YES_AGGRESSIVE;
				CLANG_WARN_UNREACHABLE_CODE = YES;
				CLANG_WARN__DUPLICATE_METHOD_MATCH = YES;
				COPY_PHASE_STRIP = NO;
				DEBUG_INFORMATION_FORMAT = "dwarf-with-dsym";
				ENABLE_NS_ASSERTIONS = NO;
				ENABLE_STRICT_OBJC_MSGSEND = YES;
				GCC_C_LANGUAGE_STANDARD = gnu11;
				GCC_NO_COMMON_BLOCKS = YES;
				GCC_WARN_64_TO_32_BIT_CONVERSION = YES;
				GCC_WARN_ABOUT_RETURN_TYPE = YES_ERROR;
				GCC_WARN_UNDECLARED_SELECTOR = YES;
				GCC_WARN_UNINITIALIZED_AUTOS = YES_AGGRESSIVE;
				GCC_WARN_UNUSED_FUNCTION = YES;
				GCC_WARN_UNUSED_VARIABLE = YES;
				IPHONEOS_DEPLOYMENT_TARGET = 15.2;
				MTL_ENABLE_DEBUG_INFO = NO;
				MTL_FAST_MATH = YES;
				SDKROOT = iphoneos;
				SWIFT_COMPILATION_MODE = wholemodule;
				SWIFT_OPTIMIZATION_LEVEL = "-O";
				VALIDATE_PRODUCT = YES;
			};
			name = Release;
		};
		B0D7866A27C4185800F72848 /* Debug */ = {
			isa = XCBuildConfiguration;
			baseConfigurationReference = 2363B1D2662ADB457EA683F3 /* Pods-Flix.debug.xcconfig */;
			buildSettings = {
				ASSETCATALOG_COMPILER_APPICON_NAME = AppIcon;
				ASSETCATALOG_COMPILER_GLOBAL_ACCENT_COLOR_NAME = AccentColor;
				CODE_SIGN_STYLE = Automatic;
				CURRENT_PROJECT_VERSION = 1;
				DEVELOPMENT_TEAM = 44K6M38XV8;
				GENERATE_INFOPLIST_FILE = YES;
				INFOPLIST_FILE = Flix/Info.plist;
				INFOPLIST_KEY_UIApplicationSupportsIndirectInputEvents = YES;
				INFOPLIST_KEY_UILaunchStoryboardName = LaunchScreen;
				INFOPLIST_KEY_UIMainStoryboardFile = Main;
				INFOPLIST_KEY_UISupportedInterfaceOrientations_iPad = "UIInterfaceOrientationPortrait UIInterfaceOrientationPortraitUpsideDown UIInterfaceOrientationLandscapeLeft UIInterfaceOrientationLandscapeRight";
				INFOPLIST_KEY_UISupportedInterfaceOrientations_iPhone = "UIInterfaceOrientationPortrait UIInterfaceOrientationLandscapeLeft UIInterfaceOrientationLandscapeRight";
				LD_RUNPATH_SEARCH_PATHS = (
					"$(inherited)",
					"@executable_path/Frameworks",
				);
				MARKETING_VERSION = 1.0;
				PRODUCT_BUNDLE_IDENTIFIER = ClassApplication.Flix;
				PRODUCT_NAME = "$(TARGET_NAME)";
				SWIFT_EMIT_LOC_STRINGS = YES;
				SWIFT_VERSION = 5.0;
				TARGETED_DEVICE_FAMILY = "1,2";
			};
			name = Debug;
		};
		B0D7866B27C4185800F72848 /* Release */ = {
			isa = XCBuildConfiguration;
			baseConfigurationReference = FAA9340FCE9B7BB8AB567F67 /* Pods-Flix.release.xcconfig */;
			buildSettings = {
				ASSETCATALOG_COMPILER_APPICON_NAME = AppIcon;
				ASSETCATALOG_COMPILER_GLOBAL_ACCENT_COLOR_NAME = AccentColor;
				CODE_SIGN_STYLE = Automatic;
				CURRENT_PROJECT_VERSION = 1;
				DEVELOPMENT_TEAM = 44K6M38XV8;
				GENERATE_INFOPLIST_FILE = YES;
				INFOPLIST_FILE = Flix/Info.plist;
				INFOPLIST_KEY_UIApplicationSupportsIndirectInputEvents = YES;
				INFOPLIST_KEY_UILaunchStoryboardName = LaunchScreen;
				INFOPLIST_KEY_UIMainStoryboardFile = Main;
				INFOPLIST_KEY_UISupportedInterfaceOrientations_iPad = "UIInterfaceOrientationPortrait UIInterfaceOrientationPortraitUpsideDown UIInterfaceOrientationLandscapeLeft UIInterfaceOrientationLandscapeRight";
				INFOPLIST_KEY_UISupportedInterfaceOrientations_iPhone = "UIInterfaceOrientationPortrait UIInterfaceOrientationLandscapeLeft UIInterfaceOrientationLandscapeRight";
				LD_RUNPATH_SEARCH_PATHS = (
					"$(inherited)",
					"@executable_path/Frameworks",
				);
				MARKETING_VERSION = 1.0;
				PRODUCT_BUNDLE_IDENTIFIER = ClassApplication.Flix;
				PRODUCT_NAME = "$(TARGET_NAME)";
				SWIFT_EMIT_LOC_STRINGS = YES;
				SWIFT_VERSION = 5.0;
				TARGETED_DEVICE_FAMILY = "1,2";
			};
			name = Release;
		};
		B0D7866D27C4185800F72848 /* Debug */ = {
			isa = XCBuildConfiguration;
			baseConfigurationReference = B77AD4C06D703A912C604F34 /* Pods-FlixTests.debug.xcconfig */;
			buildSettings = {
				ALWAYS_EMBED_SWIFT_STANDARD_LIBRARIES = YES;
				BUNDLE_LOADER = "$(TEST_HOST)";
				CODE_SIGN_STYLE = Automatic;
				CURRENT_PROJECT_VERSION = 1;
				DEVELOPMENT_TEAM = 44K6M38XV8;
				GENERATE_INFOPLIST_FILE = YES;
				IPHONEOS_DEPLOYMENT_TARGET = 15.2;
				MARKETING_VERSION = 1.0;
				PRODUCT_BUNDLE_IDENTIFIER = ClassApplication.FlixTests;
				PRODUCT_NAME = "$(TARGET_NAME)";
				SWIFT_EMIT_LOC_STRINGS = NO;
				SWIFT_VERSION = 5.0;
				TARGETED_DEVICE_FAMILY = "1,2";
				TEST_HOST = "$(BUILT_PRODUCTS_DIR)/Flix.app/Flix";
			};
			name = Debug;
		};
		B0D7866E27C4185800F72848 /* Release */ = {
			isa = XCBuildConfiguration;
			baseConfigurationReference = D6BFE4B42EF1D1A3FF2F018C /* Pods-FlixTests.release.xcconfig */;
			buildSettings = {
				ALWAYS_EMBED_SWIFT_STANDARD_LIBRARIES = YES;
				BUNDLE_LOADER = "$(TEST_HOST)";
				CODE_SIGN_STYLE = Automatic;
				CURRENT_PROJECT_VERSION = 1;
				DEVELOPMENT_TEAM = 44K6M38XV8;
				GENERATE_INFOPLIST_FILE = YES;
				IPHONEOS_DEPLOYMENT_TARGET = 15.2;
				MARKETING_VERSION = 1.0;
				PRODUCT_BUNDLE_IDENTIFIER = ClassApplication.FlixTests;
				PRODUCT_NAME = "$(TARGET_NAME)";
				SWIFT_EMIT_LOC_STRINGS = NO;
				SWIFT_VERSION = 5.0;
				TARGETED_DEVICE_FAMILY = "1,2";
				TEST_HOST = "$(BUILT_PRODUCTS_DIR)/Flix.app/Flix";
			};
			name = Release;
		};
		B0D7867027C4185800F72848 /* Debug */ = {
			isa = XCBuildConfiguration;
			baseConfigurationReference = 47E9FF870B11BF47CFBC4BB4 /* Pods-Flix-FlixUITests.debug.xcconfig */;
			buildSettings = {
				ALWAYS_EMBED_SWIFT_STANDARD_LIBRARIES = YES;
				CODE_SIGN_STYLE = Automatic;
				CURRENT_PROJECT_VERSION = 1;
				DEVELOPMENT_TEAM = 44K6M38XV8;
				GENERATE_INFOPLIST_FILE = YES;
				MARKETING_VERSION = 1.0;
				PRODUCT_BUNDLE_IDENTIFIER = ClassApplication.FlixUITests;
				PRODUCT_NAME = "$(TARGET_NAME)";
				SWIFT_EMIT_LOC_STRINGS = NO;
				SWIFT_VERSION = 5.0;
				TARGETED_DEVICE_FAMILY = "1,2";
				TEST_TARGET_NAME = Flix;
			};
			name = Debug;
		};
		B0D7867127C4185800F72848 /* Release */ = {
			isa = XCBuildConfiguration;
			baseConfigurationReference = BDAC1DAC0DBD631AECA65C36 /* Pods-Flix-FlixUITests.release.xcconfig */;
			buildSettings = {
				ALWAYS_EMBED_SWIFT_STANDARD_LIBRARIES = YES;
				CODE_SIGN_STYLE = Automatic;
				CURRENT_PROJECT_VERSION = 1;
				DEVELOPMENT_TEAM = 44K6M38XV8;
				GENERATE_INFOPLIST_FILE = YES;
				MARKETING_VERSION = 1.0;
				PRODUCT_BUNDLE_IDENTIFIER = ClassApplication.FlixUITests;
				PRODUCT_NAME = "$(TARGET_NAME)";
				SWIFT_EMIT_LOC_STRINGS = NO;
				SWIFT_VERSION = 5.0;
				TARGETED_DEVICE_FAMILY = "1,2";
				TEST_TARGET_NAME = Flix;
			};
			name = Release;
		};
/* End XCBuildConfiguration section */

/* Begin XCConfigurationList section */
		B0D7863A27C4185800F72848 /* Build configuration list for PBXProject "Flix" */ = {
			isa = XCConfigurationList;
			buildConfigurations = (
				B0D7866727C4185800F72848 /* Debug */,
				B0D7866827C4185800F72848 /* Release */,
			);
			defaultConfigurationIsVisible = 0;
			defaultConfigurationName = Release;
		};
		B0D7866927C4185800F72848 /* Build configuration list for PBXNativeTarget "Flix" */ = {
			isa = XCConfigurationList;
			buildConfigurations = (
				B0D7866A27C4185800F72848 /* Debug */,
				B0D7866B27C4185800F72848 /* Release */,
			);
			defaultConfigurationIsVisible = 0;
			defaultConfigurationName = Release;
		};
		B0D7866C27C4185800F72848 /* Build configuration list for PBXNativeTarget "FlixTests" */ = {
			isa = XCConfigurationList;
			buildConfigurations = (
				B0D7866D27C4185800F72848 /* Debug */,
				B0D7866E27C4185800F72848 /* Release */,
			);
			defaultConfigurationIsVisible = 0;
			defaultConfigurationName = Release;
		};
		B0D7866F27C4185800F72848 /* Build configuration list for PBXNativeTarget "FlixUITests" */ = {
			isa = XCConfigurationList;
			buildConfigurations = (
				B0D7867027C4185800F72848 /* Debug */,
				B0D7867127C4185800F72848 /* Release */,
			);
			defaultConfigurationIsVisible = 0;
			defaultConfigurationName = Release;
		};
/* End XCConfigurationList section */

/* Begin XCRemoteSwiftPackageReference section */
		B0D7867627C4383000F72848 /* XCRemoteSwiftPackageReference "AlamofireImage" */ = {
			isa = XCRemoteSwiftPackageReference;
			repositoryURL = "https://github.com/Alamofire/AlamofireImage";
			requirement = {
				kind = upToNextMajorVersion;
				minimumVersion = 4.0.0;
			};
		};
/* End XCRemoteSwiftPackageReference section */

/* Begin XCSwiftPackageProductDependency section */
		B0D7867727C4383000F72848 /* AlamofireImage */ = {
			isa = XCSwiftPackageProductDependency;
			package = B0D7867627C4383000F72848 /* XCRemoteSwiftPackageReference "AlamofireImage" */;
			productName = AlamofireImage;
		};
/* End XCSwiftPackageProductDependency section */
	};
	rootObject = B0D7863727C4185800F72848 /* Project object */;
}
